
Microsoft Visual Studio Solution File, Format Version 12.00
# Visual Studio Version 16
VisualStudioVersion = 16.0.33423.256
MinimumVisualStudioVersion = 10.0.40219.1
Project("{FAE04EC0-301F-11D3-BF4B-00C04F79EFBC}") = "OtoServisPro", "OtoServisPro\OtoServisPro.csproj", "{9E20F90D-A5D7-490D-972A-DA825D224CDB}"
EndProject
Global
	GlobalSection(SolutionConfigurationPlatforms) = preSolution
		Debug|Any CPU = Debug|Any CPU
		Release|Any CPU = Release|Any CPU
	EndGlobalSection
	GlobalSection(ProjectConfigurationPlatforms) = postSolution
		{9E20F90D-A5D7-490D-972A-DA825D224CDB}.Debug|Any CPU.ActiveCfg = Debug|Any CPU
		{9E20F90D-A5D7-490D-972A-DA825D224CDB}.Debug|Any CPU.Build.0 = Debug|Any CPU
		{9E20F90D-A5D7-490D-972A-DA825D224CDB}.Release|Any CPU.ActiveCfg = Release|Any CPU
		{9E20F90D-A5D7-490D-972A-DA825D224CDB}.Release|Any CPU.Build.0 = Release|Any CPU
	EndGlobalSection
	GlobalSection(SolutionProperties) = preSolution
		HideSolutionNode = FALSE
	EndGlobalSection
	GlobalSection(ExtensibilityGlobals) = postSolution
		SolutionGuid = {4306D919-7A06-4F35-98F0-D8820458B700}
	EndGlobalSection
EndGlobal
